
Microsoft Visual Studio Solution File, Format Version 12.00
# Visual Studio Version 17
VisualStudioVersion = 17.9.34701.34
MinimumVisualStudioVersion = 10.0.40219.1
Project("{FAE04EC0-301F-11D3-BF4B-00C04F79EFBC}") = "Middleware_And_Filter", "Middleware_And_Filter.csproj", "{47379AD8-FB95-4FA6-BF01-BB7A39A96C0B}"
EndProject
Global
	GlobalSection(SolutionConfigurationPlatforms) = preSolution
		Debug|Any CPU = Debug|Any CPU
		Release|Any CPU = Release|Any CPU
	EndGlobalSection
	GlobalSection(ProjectConfigurationPlatforms) = postSolution
		{47379AD8-FB95-4FA6-BF01-BB7A39A96C0B}.Debug|Any CPU.ActiveCfg = Debug|Any CPU
		{47379AD8-FB95-4FA6-BF01-BB7A39A96C0B}.Debug|Any CPU.Build.0 = Debug|Any CPU
		{47379AD8-FB95-4FA6-BF01-BB7A39A96C0B}.Release|Any CPU.ActiveCfg = Release|Any CPU
		{47379AD8-FB95-4FA6-BF01-BB7A39A96C0B}.Release|Any CPU.Build.0 = Release|Any CPU
	EndGlobalSection
	GlobalSection(SolutionProperties) = preSolution
		HideSolutionNode = FALSE
	EndGlobalSection
	GlobalSection(ExtensibilityGlobals) = postSolution
		SolutionGuid = {D09CE32B-B372-4ED1-9C5E-F044EEB676FB}
	EndGlobalSection
EndGlobal
